// !$*UTF8*$!
{
	archiveVersion = 1;
	classes = {
	};
	objectVersion = 50;
	objects = {

/* Begin PBXBuildFile section */
		E47C00CB235E2E890097811C /* AppDelegate.swift in Sources */ = {isa = PBXBuildFile; fileRef = E47C00CA235E2E890097811C /* AppDelegate.swift */; };
		E47C00CD235E2E890097811C /* ViewController.swift in Sources */ = {isa = PBXBuildFile; fileRef = E47C00CC235E2E890097811C /* ViewController.swift */; };
		E47C00D0235E2E8A0097811C /* Main.storyboard in Resources */ = {isa = PBXBuildFile; fileRef = E47C00CE235E2E8A0097811C /* Main.storyboard */; };
		E47C00D2235E2E8E0097811C /* Assets.xcassets in Resources */ = {isa = PBXBuildFile; fileRef = E47C00D1235E2E8E0097811C /* Assets.xcassets */; };
		E47C00D5235E2E8E0097811C /* LaunchScreen.storyboard in Resources */ = {isa = PBXBuildFile; fileRef = E47C00D3235E2E8E0097811C /* LaunchScreen.storyboard */; };
		E47C00DE235E33DA0097811C /* WebKit.framework in Frameworks */ = {isa = PBXBuildFile; fileRef = E47C00DD235E33DA0097811C /* WebKit.framework */; };
/* End PBXBuildFile section */

/* Begin PBXFileReference section */
		E47C00C7235E2E890097811C /* AwesomeBrowser.app */ = {isa = PBXFileReference; explicitFileType = wrapper.application; includeInIndex = 0; path = AwesomeBrowser.app; sourceTree = BUILT_PRODUCTS_DIR; };
		E47C00CA235E2E890097811C /* AppDelegate.swift */ = {isa = PBXFileReference; lastKnownFileType = sourcecode.swift; path = AppDelegate.swift; sourceTree = "<group>"; };
		E47C00CC235E2E890097811C /* ViewController.swift */ = {isa = PBXFileReference; lastKnownFileType = sourcecode.swift; path = ViewController.swift; sourceTree = "<group>"; };
		E47C00CF235E2E8A0097811C /* Base */ = {isa = PBXFileReference; lastKnownFileType = file.storyboard; name = Base; path = Base.lproj/Main.storyboard; sourceTree = "<group>"; };
		E47C00D1235E2E8E0097811C /* Assets.xcassets */ = {isa = PBXFileReference; lastKnownFileType = folder.assetcatalog; path = Assets.xcassets; sourceTree = "<group>"; };
		E47C00D4235E2E8E0097811C /* Base */ = {isa = PBXFileReference; lastKnownFileType = file.storyboard; name = Base; path = Base.lproj/LaunchScreen.storyboard; sourceTree = "<group>"; };
		E47C00D6235E2E8E0097811C /* Info.plist */ = {isa = PBXFileReference; lastKnownFileType = text.plist.xml; path = Info.plist; sourceTree = "<group>"; };
		E47C00DD235E33DA0097811C /* WebKit.framework */ = {isa = PBXFileReference; lastKnownFileType = wrapper.framework; name = WebKit.framework; path = System/Library/Frameworks/WebKit.framework; sourceTree = SDKROOT; };
/* End PBXFileReference section */

/* Begin PBXFrameworksBuildPhase section */
		E47C00C4235E2E890097811C /* Frameworks */ = {
			isa = PBXFrameworksBuildPhase;
			buildActionMask = 2147483647;
			files = (
				E47C00DE235E33DA0097811C /* WebKit.framework in Frameworks */,
			);
			runOnlyForDeploymentPostprocessing = 0;
		};
/* End PBXFrameworksBuildPhase section */

/* Begin PBXGroup section */
		E47C00BE235E2E890097811C = {
			isa = PBXGroup;
			children = (
				E47C00C9235E2E890097811C /* AwesomeBrowser */,
				E47C00C8235E2E890097811C /* Products */,
				E47C00DC235E33DA0097811C /* Frameworks */,
			);
			sourceTree = "<group>";
		};
		E47C00C8235E2E890097811C /* Products */ = {
			isa = PBXGroup;
			children = (
				E47C00C7235E2E890097811C /* AwesomeBrowser.app */,
			);
			name = Products;
			sourceTree = "<group>";
		};
		E47C00C9235E2E890097811C /* AwesomeBrowser */ = {
			isa = PBXGroup;
			children = (
				E47C00CA235E2E890097811C /* AppDelegate.swift */,
				E47C00CC235E2E890097811C /* ViewController.swift */,
				E47C00CE235E2E8A0097811C /* Main.storyboard */,
				E47C00D1235E2E8E0097811C /* Assets.xcassets */,
				E47C00D3235E2E8E0097811C /* LaunchScreen.storyboard */,
				E47C00D6235E2E8E0097811C /* Info.plist */,
			);
			path = AwesomeBrowser;
			sourceTree = "<group>";
		};
		E47C00DC235E33DA0097811C /* Frameworks */ = {
			isa = PBXGroup;
			children = (
				E47C00DD235E33DA0097811C /* WebKit.framework */,
			);
			name = Frameworks;
			sourceTree = "<group>";
		};
/* End PBXGroup section */

/* Begin PBXNativeTarget section */
		E47C00C6235E2E890097811C /* AwesomeBrowser */ = {
			isa = PBXNativeTarget;
			buildConfigurationList = E47C00D9235E2E8E0097811C /* Build configuration list for PBXNativeTarget "AwesomeBrowser" */;
			buildPhases = (
				E47C00C3235E2E890097811C /* Sources */,
				E47C00C4235E2E890097811C /* Frameworks */,
				E47C00C5235E2E890097811C /* Resources */,
			);
			buildRules = (
			);
			dependencies = (
			);
			name = AwesomeBrowser;
			productName = AwesomeBrowser;
			productReference = E47C00C7235E2E890097811C /* AwesomeBrowser.app */;
			productType = "com.apple.product-type.application";
		};
/* End PBXNativeTarget section */

/* Begin PBXProject section */
		E47C00BF235E2E890097811C /* Project object */ = {
			isa = PBXProject;
			attributes = {
				LastSwiftUpdateCheck = 1030;
				LastUpgradeCheck = 1030;
				ORGANIZATIONNAME = "Gor Grigoryan";
				TargetAttributes = {
					E47C00C6235E2E890097811C = {
						CreatedOnToolsVersion = 10.3;
					};
				};
			};
			buildConfigurationList = E47C00C2235E2E890097811C /* Build configuration list for PBXProject "AwesomeBrowser" */;
			compatibilityVersion = "Xcode 9.3";
			developmentRegion = en;
			hasScannedForEncodings = 0;
			knownRegions = (
				en,
				Base,
			);
			mainGroup = E47C00BE235E2E890097811C;
			productRefGroup = E47C00C8235E2E890097811C /* Products */;
			projectDirPath = "";
			projectRoot = "";
			targets = (
				E47C00C6235E2E890097811C /* AwesomeBrowser */,
			);
		};
/* End PBXProject section */

/* Begin PBXResourcesBuildPhase section */
		E47C00C5235E2E890097811C /* Resources */ = {
			isa = PBXResourcesBuildPhase;
			buildActionMask = 2147483647;
			files = (
				E47C00D5235E2E8E0097811C /* LaunchScreen.storyboard in Resources */,
				E47C00D2235E2E8E0097811C /* Assets.xcassets in Resources */,
				E47C00D0235E2E8A0097811C /* Main.storyboard in Resources */,
			);
			runOnlyForDeploymentPostprocessing = 0;
		};
/* End PBXResourcesBuildPhase section */

/* Begin PBXSourcesBuildPhase section */
		E47C00C3235E2E890097811C /* Sources */ = {
			isa = PBXSourcesBuildPhase;
			buildActionMask = 2147483647;
			files = (
				E47C00CD235E2E890097811C /* ViewController.swift in Sources */,
				E47C00CB235E2E890097811C /* AppDelegate.swift in Sources */,
			);
			runOnlyForDeploymentPostprocessing = 0;
		};
/* End PBXSourcesBuildPhase section */

/* Begin PBXVariantGroup section */
		E47C00CE235E2E8A0097811C /* Main.storyboard */ = {
			isa = PBXVariantGroup;
			children = (
				E47C00CF235E2E8A0097811C /* Base */,
			);
			name = Main.storyboard;
			sourceTree = "<group>";
		};
		E47C00D3235E2E8E0097811C /* LaunchScreen.storyboard */ = {
			isa = PBXVariantGroup;
			children = (
				E47C00D4235E2E8E0097811C /* Base */,
			);
			name = LaunchScreen.storyboard;
			sourceTree = "<group>";
		};
/* End PBXVariantGroup section */

/* Begin XCBuildConfiguration section */
		E47C00D7235E2E8E0097811C /* Debug */ = {
			isa = XCBuildConfiguration;
			buildSettings = {
				ALWAYS_SEARCH_USER_PATHS = NO;
				CLANG_ANALYZER_NONNULL = YES;
				CLANG_ANALYZER_NUMBER_OBJECT_CONVERSION = YES_AGGRESSIVE;
				CLANG_CXX_LANGUAGE_STANDARD = "gnu++14";
				CLANG_CXX_LIBRARY = "libc++";
				CLANG_ENABLE_MODULES = YES;
				CLANG_ENABLE_OBJC_ARC = YES;
				CLANG_ENABLE_OBJC_WEAK = YES;
				CLANG_WARN_BLOCK_CAPTURE_AUTORELEASING = YES;
				CLANG_WARN_BOOL_CONVERSION = YES;
				CLANG_WARN_COMMA = YES;
				CLANG_WARN_CONSTANT_CONVERSION = YES;
				CLANG_WARN_DEPRECATED_OBJC_IMPLEMENTATIONS = YES;
				CLANG_WARN_DIRECT_OBJC_ISA_USAGE = YES_ERROR;
				CLANG_WARN_DOCUMENTATION_COMMENTS = YES;
				CLANG_WARN_EMPTY_BODY = YES;
				CLANG_WARN_ENUM_CONVERSION = YES;
				CLANG_WARN_INFINITE_RECURSION = YES;
				CLANG_WARN_INT_CONVERSION = YES;
				CLANG_WARN_NON_LITERAL_NULL_CONVERSION = YES;
				CLANG_WARN_OBJC_IMPLICIT_RETAIN_SELF = YES;
				CLANG_WARN_OBJC_LITERAL_CONVERSION = YES;
				CLANG_WARN_OBJC_ROOT_CLASS = YES_ERROR;
				CLANG_WARN_RANGE_LOOP_ANALYSIS = YES;
				CLANG_WARN_STRICT_PROTOTYPES = YES;
				CLANG_WARN_SUSPICIOUS_MOVE = YES;
				CLANG_WARN_UNGUARDED_AVAILABILITY = YES_AGGRESSIVE;
				CLANG_WARN_UNREACHABLE_CODE = YES;
				CLANG_WARN__DUPLICATE_METHOD_MATCH = YES;
				CODE_SIGN_IDENTITY = "iPhone Developer";
				COPY_PHASE_STRIP = NO;
				DEBUG_INFORMATION_FORMAT = dwarf;
				ENABLE_STRICT_OBJC_MSGSEND = YES;
				ENABLE_TESTABILITY = YES;
				GCC_C_LANGUAGE_STANDARD = gnu11;
				GCC_DYNAMIC_NO_PIC = NO;
				GCC_NO_COMMON_BLOCKS = YES;
				GCC_OPTIMIZATION_LEVEL = 0;
				GCC_PREPROCESSOR_DEFINITIONS = (
					"DEBUG=1",
					"$(inherited)",
				);
				GCC_WARN_64_TO_32_BIT_CONVERSION = YES;
				GCC_WARN_ABOUT_RETURN_TYPE = YES_ERROR;
				GCC_WARN_UNDECLARED_SELECTOR = YES;
				GCC_WARN_UNINITIALIZED_AUTOS = YES_AGGRESSIVE;
				GCC_WARN_UNUSED_FUNCTION = YES;
				GCC_WARN_UNUSED_VARIABLE = YES;
				IPHONEOS_DEPLOYMENT_TARGET = 12.4;
				MTL_ENABLE_DEBUG_INFO = INCLUDE_SOURCE;
				MTL_FAST_MATH = YES;
				ONLY_ACTIVE_ARCH = YES;
				SDKROOT = iphoneos;
				SWIFT_ACTIVE_COMPILATION_CONDITIONS = DEBUG;
				SWIFT_OPTIMIZATION_LEVEL = "-Onone";
			};
			name = Debug;
		};
		E47C00D8235E2E8E0097811C /* Release */ = {
			isa = XCBuildConfiguration;
			buildSettings = {
				ALWAYS_SEARCH_USER_PATHS = NO;
				CLANG_ANALYZER_NONNULL = YES;
				CLANG_ANALYZER_NUMBER_OBJECT_CONVERSION = YES_AGGRESSIVE;
				CLANG_CXX_LANGUAGE_STANDARD = "gnu++14";
				CLANG_CXX_LIBRARY = "libc++";
				CLANG_ENABLE_MODULES = YES;
				CLANG_ENABLE_OBJC_ARC = YES;
				CLANG_ENABLE_OBJC_WEAK = YES;
				CLANG_WARN_BLOCK_CAPTURE_AUTORELEASING = YES;
				CLANG_WARN_BOOL_CONVERSION = YES;
				CLANG_WARN_COMMA = YES;
				CLANG_WARN_CONSTANT_CONVERSION = YES;
				CLANG_WARN_DEPRECATED_OBJC_IMPLEMENTATIONS = YES;
				CLANG_WARN_DIRECT_OBJC_ISA_USAGE = YES_ERROR;
				CLANG_WARN_DOCUMENTATION_COMMENTS = YES;
				CLANG_WARN_EMPTY_BODY = YES;
				CLANG_WARN_ENUM_CONVERSION = YES;
				CLANG_WARN_INFINITE_RECURSION = YES;
				CLANG_WARN_INT_CONVERSION = YES;
				CLANG_WARN_NON_LITERAL_NULL_CONVERSION = YES;
				CLANG_WARN_OBJC_IMPLICIT_RETAIN_SELF = YES;
				CLANG_WARN_OBJC_LITERAL_CONVERSION = YES;
				CLANG_WARN_OBJC_ROOT_CLASS = YES_ERROR;
				CLANG_WARN_RANGE_LOOP_ANALYSIS = YES;
				CLANG_WARN_STRICT_PROTOTYPES = YES;
				CLANG_WARN_SUSPICIOUS_MOVE = YES;
				CLANG_WARN_UNGUARDED_AVAILABILITY = YES_AGGRESSIVE;
				CLANG_WARN_UNREACHABLE_CODE = YES;
				CLANG_WARN__DUPLICATE_METHOD_MATCH = YES;
				CODE_SIGN_IDENTITY = "iPhone Developer";
				COPY_PHASE_STRIP = NO;
				DEBUG_INFORMATION_FORMAT = "dwarf-with-dsym";
				ENABLE_NS_ASSERTIONS = NO;
				ENABLE_STRICT_OBJC_MSGSEND = YES;
				GCC_C_LANGUAGE_STANDARD = gnu11;
				GCC_NO_COMMON_BLOCKS = YES;
				GCC_WARN_64_TO_32_BIT_CONVERSION = YES;
				GCC_WARN_ABOUT_RETURN_TYPE = YES_ERROR;
				GCC_WARN_UNDECLARED_SELECTOR = YES;
				GCC_WARN_UNINITIALIZED_AUTOS = YES_AGGRESSIVE;
				GCC_WARN_UNUSED_FUNCTION = YES;
				GCC_WARN_UNUSED_VARIABLE = YES;
				IPHONEOS_DEPLOYMENT_TARGET = 12.4;
				MTL_ENABLE_DEBUG_INFO = NO;
				MTL_FAST_MATH = YES;
				SDKROOT = iphoneos;
				SWIFT_COMPILATION_MODE = wholemodule;
				SWIFT_OPTIMIZATION_LEVEL = "-O";
				VALIDATE_PRODUCT = YES;
			};
			name = Release;
		};
		E47C00DA235E2E8E0097811C /* Debug */ = {
			isa = XCBuildConfiguration;
			buildSettings = {
				ASSETCATALOG_COMPILER_APPICON_NAME = AppIcon;
				CODE_SIGN_STYLE = Automatic;
				INFOPLIST_FILE = AwesomeBrowser/Info.plist;
				LD_RUNPATH_SEARCH_PATHS = (
					"$(inherited)",
					"@executable_path/Frameworks",
				);
				PRODUCT_BUNDLE_IDENTIFIER = com.gorgrigoryan.AwesomeBrowser;
				PRODUCT_NAME = "$(TARGET_NAME)";
				SWIFT_VERSION = 5.0;
				TARGETED_DEVICE_FAMILY = "1,2";
			};
			name = Debug;
		};
		E47C00DB235E2E8E0097811C /* Release */ = {
			isa = XCBuildConfiguration;
			buildSettings = {
				ASSETCATALOG_COMPILER_APPICON_NAME = AppIcon;
				CODE_SIGN_STYLE = Automatic;
				INFOPLIST_FILE = AwesomeBrowser/Info.plist;
				LD_RUNPATH_SEARCH_PATHS = (
					"$(inherited)",
					"@executable_path/Frameworks",
				);
				PRODUCT_BUNDLE_IDENTIFIER = com.gorgrigoryan.AwesomeBrowser;
				PRODUCT_NAME = "$(TARGET_NAME)";
				SWIFT_VERSION = 5.0;
				TARGETED_DEVICE_FAMILY = "1,2";
			};
			name = Release;
		};
/* End XCBuildConfiguration section */

/* Begin XCConfigurationList section */
		E47C00C2235E2E890097811C /* Build configuration list for PBXProject "AwesomeBrowser" */ = {
			isa = XCConfigurationList;
			buildConfigurations = (
				E47C00D7235E2E8E0097811C /* Debug */,
				E47C00D8235E2E8E0097811C /* Release */,
			);
			defaultConfigurationIsVisible = 0;
			defaultConfigurationName = Release;
		};
		E47C00D9235E2E8E0097811C /* Build configuration list for PBXNativeTarget "AwesomeBrowser" */ = {
			isa = XCConfigurationList;
			buildConfigurations = (
				E47C00DA235E2E8E0097811C /* Debug */,
				E47C00DB235E2E8E0097811C /* Release */,
			);
			defaultConfigurationIsVisible = 0;
			defaultConfigurationName = Release;
		};
/* End XCConfigurationList section */
	};
	rootObject = E47C00BF235E2E890097811C /* Project object */;
}
